<?xml version="1.0" encoding="utf-8"?>
<Project ToolsVersion="4.0" xmlns="http://schemas.microsoft.com/developer/msbuild/2003">
  <ItemGroup>
    <Filter Include="源文件">
      <UniqueIdentifier>{4FC737F1-C7A5-4376-A066-2A32D752A2FF}</UniqueIdentifier>
      <Extensions>cpp;c;cc;cxx;c++;cppm;ixx;def;odl;idl;hpj;bat;asm;asmx</Extensions>
    </Filter>
    <Filter Include="头文件">
      <UniqueIdentifier>{93995380-89BD-4b04-88EB-625FBE52EBFB}</UniqueIdentifier>
      <Extensions>h;hh;hpp;hxx;h++;hm;inl;inc;ipp;xsd</Extensions>
    </Filter>
    <Filter Include="资源文件">
      <UniqueIdentifier>{67DA6AB6-F800-4c08-8B7A-83BB121AAD01}</UniqueIdentifier>
      <Extensions>rc;ico;cur;bmp;dlg;rc2;rct;bin;rgs;gif;jpg;jpeg;jpe;resx;tiff;tif;png;wav;mfcribbon-ms</Extensions>
    </Filter>
  </ItemGroup>
  <ItemGroup>
    <ClInclude Include="src\Extern.h">
      <Filter>头文件</Filter>
    </ClInclude>
    <ClInclude Include="src\Window.h">
      <Filter>头文件</Filter>
    </ClInclude>
    <ClInclude Include="src\Math.h">
      <Filter>头文件</Filter>
    </ClInclude>
    <ClInclude Include="src\Camera.h">
      <Filter>头文件</Filter>
    </ClInclude>
    <ClInclude Include="src\Input.h">
      <Filter>头文件</Filter>
    </ClInclude>
    <ClInclude Include="src\Define.h">
      <Filter>头文件</Filter>
    </ClInclude>
    <ClInclude Include="src\IDGenerator.h">
      <Filter>头文件</Filter>
    </ClInclude>
    <ClInclude Include="src\Logger.h">
      <Filter>头文件</Filter>
    </ClInclude>
    <ClInclude Include="src\Forward.h">
      <Filter>头文件</Filter>
    </ClInclude>
    <ClInclude Include="src\Scene.h">
      <Filter>头文件</Filter>
    </ClInclude>
    <ClInclude Include="src\Mesh.h">
      <Filter>头文件</Filter>
    </ClInclude>
    <ClInclude Include="src\Vertex.h">
      <Filter>头文件</Filter>
    </ClInclude>
    <ClInclude Include="src\Shader.h">
      <Filter>头文件</Filter>
    </ClInclude>
    <ClInclude Include="src\Light.h">
      <Filter>头文件</Filter>
    </ClInclude>
    <ClInclude Include="src\Object.h">
      <Filter>头文件</Filter>
    </ClInclude>
    <ClInclude Include="src\Material.h">
      <Filter>头文件</Filter>
    </ClInclude>
    <ClInclude Include="src\Loader.h">
      <Filter>头文件</Filter>
    </ClInclude>
    <ClInclude Include="src\Image.h">
      <Filter>头文件</Filter>
    </ClInclude>
    <ClInclude Include="src\Component.h">
      <Filter>头文件</Filter>
    </ClInclude>
    <ClInclude Include="src\MeshRenderer.h">
      <Filter>头文件</Filter>
    </ClInclude>
    <ClInclude Include="src\UI.h">
      <Filter>头文件</Filter>
    </ClInclude>
    <ClInclude Include="src\Type.h">
      <Filter>头文件</Filter>
    </ClInclude>
    <ClInclude Include="src\Resource.h">
      <Filter>头文件</Filter>
    </ClInclude>
  </ItemGroup>
  <ItemGroup>
    <ClCompile Include="src\Window.cpp">
      <Filter>源文件</Filter>
    </ClCompile>
    <ClCompile Include="src\Math.cpp">
      <Filter>源文件</Filter>
    </ClCompile>
    <ClCompile Include="src\Camera.cpp">
      <Filter>源文件</Filter>
    </ClCompile>
    <ClCompile Include="src\Input.cpp">
      <Filter>源文件</Filter>
    </ClCompile>
    <ClCompile Include="src\IDGenerator.cpp">
      <Filter>源文件</Filter>
    </ClCompile>
    <ClCompile Include="src\Logger.cpp">
      <Filter>源文件</Filter>
    </ClCompile>
    <ClCompile Include="src\main.cpp">
      <Filter>源文件</Filter>
    </ClCompile>
    <ClCompile Include="src\Forward.cpp">
      <Filter>源文件</Filter>
    </ClCompile>
    <ClCompile Include="src\Scene.cpp">
      <Filter>源文件</Filter>
    </ClCompile>
    <ClCompile Include="src\Mesh.cpp">
      <Filter>源文件</Filter>
    </ClCompile>
    <ClCompile Include="src\Vertex.cpp">
      <Filter>源文件</Filter>
    </ClCompile>
    <ClCompile Include="src\shader\object.frag">
      <Filter>源文件</Filter>
    </ClCompile>
    <ClCompile Include="src\Shader.cpp">
      <Filter>源文件</Filter>
    </ClCompile>
    <ClCompile Include="src\Light.cpp">
      <Filter>源文件</Filter>
    </ClCompile>
    <ClCompile Include="src\Object.cpp">
      <Filter>源文件</Filter>
    </ClCompile>
    <ClCompile Include="src\Material.cpp">
      <Filter>源文件</Filter>
    </ClCompile>
    <ClCompile Include="src\Loader.cpp">
      <Filter>源文件</Filter>
    </ClCompile>
    <ClCompile Include="src\Image.cpp">
      <Filter>源文件</Filter>
    </ClCompile>
    <ClCompile Include="src\Component.cpp">
      <Filter>源文件</Filter>
    </ClCompile>
    <ClCompile Include="src\MeshRenderer.cpp">
      <Filter>源文件</Filter>
    </ClCompile>
    <ClCompile Include="src\UI.cpp">
      <Filter>源文件</Filter>
    </ClCompile>
    <ClCompile Include="src\Resource.cpp">
      <Filter>源文件</Filter>
    </ClCompile>
  </ItemGroup>
  <ItemGroup>
    <None Include="src\shader\object.glsl" />
    <None Include="src\shader\screen.glsl" />
    <None Include="src\shader\screen.frag" />
    <None Include="src\shader\dirLightShadow.glsl" />
    <None Include="src\shader\dirLightShadow.frag" />
    <None Include="src\shader\test.glsl" />
    <None Include="src\shader\test.frag" />
  </ItemGroup>
</Project>